{
  "requires": true,
  "lockfileVersion": 1,
  "dependencies": {
    "@babel/runtime": {
      "version": "7.22.6",
      "resolved": "https://registry.npmjs.org/@babel/runtime/-/runtime-7.22.6.tgz",
      "integrity": "sha512-wDb5pWm4WDdF6LFUde3Jl8WzPA+3ZbxYqkC6xAXuD3irdEHN1k0NfTRrJD8ZD378SJ61miMLCqIOXYhd8x+AJQ==",
      "requires": {
        "regenerator-runtime": "^0.13.11"
      }
    },
    "@mui/icons-material": {
      "version": "5.14.0",
      "resolved": "https://registry.npmjs.org/@mui/icons-material/-/icons-material-5.14.0.tgz",
      "integrity": "sha512-z7lYNteDi1GMkF9JP/m2RWuCYK1M/FlaeBSUK7/IhIYzIXNhAVjfD8jRq5vFBV31qkEi2aGBS2z5SfLXwH6U0A==",
      "requires": {
        "@babel/runtime": "^7.22.5"
      }
    },
    "minimist": {
      "version": "1.2.8",
      "resolved": "https://registry.npmjs.org/minimist/-/minimist-1.2.8.tgz",
      "integrity": "sha512-2yyAR8qBkN3YuheJanUpWC5U3bb5osDywNB8RzDVlDwDHbocAJveqqj1u8+SVD7jkWT4yvsHCpWqqWqAxb0zCA=="
    },
    "regenerator-runtime": {
      "version": "0.13.11",
      "resolved": "https://registry.npmjs.org/regenerator-runtime/-/regenerator-runtime-0.13.11.tgz",
      "integrity": "sha512-kY1AZVr2Ra+t+piVaJ4gxaFaReZVH40AKNo7UCX6W+dEwBo/2oZJzqfuN1qLq1oL45o56cPaTXELwrTh8Fpggg=="
    },
    "watch": {
      "version": "0.13.0",
      "resolved": "https://registry.npmjs.org/watch/-/watch-0.13.0.tgz",
      "integrity": "sha512-yTgNlr/8OjaGYq2FIv/PjU0zlv/pdAOmVSEeHNVcApFTT6ocWnMLhXlB6n/Rz9VVWXZmZkvkDnJ+iAIi/JjUJA==",
      "requires": {
        "minimist": "^1.1.0"
      }
    }
  }
}
